// !$*UTF8*$!
{
	archiveVersion = 1;
	classes = {
	};
	objectVersion = 46;
	objects = {

/* Begin PBXBuildFile section */
		000AED2F18AE9C1E009B1D93 /* Foundation.framework in Frameworks */ = {isa = PBXBuildFile; fileRef = 000AED2E18AE9C1E009B1D93 /* Foundation.framework */; };
		000AED3118AE9C1E009B1D93 /* CoreGraphics.framework in Frameworks */ = {isa = PBXBuildFile; fileRef = 000AED3018AE9C1E009B1D93 /* CoreGraphics.framework */; };
		000AED3318AE9C1E009B1D93 /* UIKit.framework in Frameworks */ = {isa = PBXBuildFile; fileRef = 000AED3218AE9C1E009B1D93 /* UIKit.framework */; };
		000AED3918AE9C1E009B1D93 /* InfoPlist.strings in Resources */ = {isa = PBXBuildFile; fileRef = 000AED3718AE9C1E009B1D93 /* InfoPlist.strings */; };
		000AED3B18AE9C1E009B1D93 /* main.m in Sources */ = {isa = PBXBuildFile; fileRef = 000AED3A18AE9C1E009B1D93 /* main.m */; };
		000AED3F18AE9C1E009B1D93 /* BNAppDelegate.m in Sources */ = {isa = PBXBuildFile; fileRef = 000AED3E18AE9C1E009B1D93 /* BNAppDelegate.m */; };
		000AED4218AE9C1E009B1D93 /* Main.storyboard in Resources */ = {isa = PBXBuildFile; fileRef = 000AED4018AE9C1E009B1D93 /* Main.storyboard */; };
		000AED4518AE9C1E009B1D93 /* BNViewController.m in Sources */ = {isa = PBXBuildFile; fileRef = 000AED4418AE9C1E009B1D93 /* BNViewController.m */; };
		000AED4718AE9C1E009B1D93 /* Images.xcassets in Resources */ = {isa = PBXBuildFile; fileRef = 000AED4618AE9C1E009B1D93 /* Images.xcassets */; };
		000AED4F18AE9C1E009B1D93 /* Foundation.framework in Frameworks */ = {isa = PBXBuildFile; fileRef = 000AED2E18AE9C1E009B1D93 /* Foundation.framework */; };
		000AED5018AE9C1E009B1D93 /* UIKit.framework in Frameworks */ = {isa = PBXBuildFile; fileRef = 000AED3218AE9C1E009B1D93 /* UIKit.framework */; };
		000AED6518AEBD17009B1D93 /* CoreBluetooth.framework in Frameworks */ = {isa = PBXBuildFile; fileRef = 000AED6318AEBD17009B1D93 /* CoreBluetooth.framework */; };
		000AED6618AEBD17009B1D93 /* CoreLocation.framework in Frameworks */ = {isa = PBXBuildFile; fileRef = 000AED6418AEBD17009B1D93 /* CoreLocation.framework */; };
		0010771B18BEB60A00FB8E5A /* libFlurry_4.3.2.a in Frameworks */ = {isa = PBXBuildFile; fileRef = 0010771A18BEB60A00FB8E5A /* libFlurry_4.3.2.a */; };
		0010771D18BEB6BE00FB8E5A /* SystemConfiguration.framework in Frameworks */ = {isa = PBXBuildFile; fileRef = 0010771C18BEB6BE00FB8E5A /* SystemConfiguration.framework */; };
		0010771F18BEB6C200FB8E5A /* Security.framework in Frameworks */ = {isa = PBXBuildFile; fileRef = 0010771E18BEB6C200FB8E5A /* Security.framework */; };
/* End PBXBuildFile section */

/* Begin PBXContainerItemProxy section */
		000AED5118AE9C1E009B1D93 /* PBXContainerItemProxy */ = {
			isa = PBXContainerItemProxy;
			containerPortal = 000AED2318AE9C1E009B1D93 /* Project object */;
			proxyType = 1;
			remoteGlobalIDString = 000AED2A18AE9C1E009B1D93;
			remoteInfo = Beaconator;
		};
/* End PBXContainerItemProxy section */

/* Begin PBXFileReference section */
		000AED2B18AE9C1E009B1D93 /* Beaconator.app */ = {isa = PBXFileReference; explicitFileType = wrapper.application; includeInIndex = 0; path = Beaconator.app; sourceTree = BUILT_PRODUCTS_DIR; };
		000AED2E18AE9C1E009B1D93 /* Foundation.framework */ = {isa = PBXFileReference; lastKnownFileType = wrapper.framework; name = Foundation.framework; path = System/Library/Frameworks/Foundation.framework; sourceTree = SDKROOT; };
		000AED3018AE9C1E009B1D93 /* CoreGraphics.framework */ = {isa = PBXFileReference; lastKnownFileType = wrapper.framework; name = CoreGraphics.framework; path = System/Library/Frameworks/CoreGraphics.framework; sourceTree = SDKROOT; };
		000AED3218AE9C1E009B1D93 /* UIKit.framework */ = {isa = PBXFileReference; lastKnownFileType = wrapper.framework; name = UIKit.framework; path = System/Library/Frameworks/UIKit.framework; sourceTree = SDKROOT; };
		000AED3618AE9C1E009B1D93 /* Beaconator-Info.plist */ = {isa = PBXFileReference; lastKnownFileType = text.plist.xml; path = "Beaconator-Info.plist"; sourceTree = "<group>"; };
		000AED3818AE9C1E009B1D93 /* en */ = {isa = PBXFileReference; lastKnownFileType = text.plist.strings; name = en; path = en.lproj/InfoPlist.strings; sourceTree = "<group>"; };
		000AED3A18AE9C1E009B1D93 /* main.m */ = {isa = PBXFileReference; lastKnownFileType = sourcecode.c.objc; path = main.m; sourceTree = "<group>"; };
		000AED3C18AE9C1E009B1D93 /* Beaconator-Prefix.pch */ = {isa = PBXFileReference; lastKnownFileType = sourcecode.c.h; path = "Beaconator-Prefix.pch"; sourceTree = "<group>"; };
		000AED3D18AE9C1E009B1D93 /* BNAppDelegate.h */ = {isa = PBXFileReference; lastKnownFileType = sourcecode.c.h; path = BNAppDelegate.h; sourceTree = "<group>"; };
		000AED3E18AE9C1E009B1D93 /* BNAppDelegate.m */ = {isa = PBXFileReference; lastKnownFileType = sourcecode.c.objc; path = BNAppDelegate.m; sourceTree = "<group>"; };
		000AED4118AE9C1E009B1D93 /* Base */ = {isa = PBXFileReference; lastKnownFileType = file.storyboard; name = Base; path = Base.lproj/Main.storyboard; sourceTree = "<group>"; };
		000AED4318AE9C1E009B1D93 /* BNViewController.h */ = {isa = PBXFileReference; lastKnownFileType = sourcecode.c.h; path = BNViewController.h; sourceTree = "<group>"; };
		000AED4418AE9C1E009B1D93 /* BNViewController.m */ = {isa = PBXFileReference; lastKnownFileType = sourcecode.c.objc; path = BNViewController.m; sourceTree = "<group>"; };
		000AED4618AE9C1E009B1D93 /* Images.xcassets */ = {isa = PBXFileReference; lastKnownFileType = folder.assetcatalog; path = Images.xcassets; sourceTree = "<group>"; };
		000AED4C18AE9C1E009B1D93 /* BeaconatorTests.xctest */ = {isa = PBXFileReference; explicitFileType = wrapper.cfbundle; includeInIndex = 0; path = BeaconatorTests.xctest; sourceTree = BUILT_PRODUCTS_DIR; };
		000AED6318AEBD17009B1D93 /* CoreBluetooth.framework */ = {isa = PBXFileReference; lastKnownFileType = wrapper.framework; name = CoreBluetooth.framework; path = System/Library/Frameworks/CoreBluetooth.framework; sourceTree = SDKROOT; };
		000AED6418AEBD17009B1D93 /* CoreLocation.framework */ = {isa = PBXFileReference; lastKnownFileType = wrapper.framework; name = CoreLocation.framework; path = System/Library/Frameworks/CoreLocation.framework; sourceTree = SDKROOT; };
		0010771918BEB60A00FB8E5A /* Flurry.h */ = {isa = PBXFileReference; fileEncoding = 4; lastKnownFileType = sourcecode.c.h; path = Flurry.h; sourceTree = "<group>"; };
		0010771A18BEB60A00FB8E5A /* libFlurry_4.3.2.a */ = {isa = PBXFileReference; lastKnownFileType = archive.ar; path = libFlurry_4.3.2.a; sourceTree = "<group>"; };
		0010771C18BEB6BE00FB8E5A /* SystemConfiguration.framework */ = {isa = PBXFileReference; lastKnownFileType = wrapper.framework; name = SystemConfiguration.framework; path = System/Library/Frameworks/SystemConfiguration.framework; sourceTree = SDKROOT; };
		0010771E18BEB6C200FB8E5A /* Security.framework */ = {isa = PBXFileReference; lastKnownFileType = wrapper.framework; name = Security.framework; path = System/Library/Frameworks/Security.framework; sourceTree = SDKROOT; };
/* End PBXFileReference section */

/* Begin PBXFrameworksBuildPhase section */
		000AED2818AE9C1E009B1D93 /* Frameworks */ = {
			isa = PBXFrameworksBuildPhase;
			buildActionMask = 2147483647;
			files = (
				0010771F18BEB6C200FB8E5A /* Security.framework in Frameworks */,
				0010771D18BEB6BE00FB8E5A /* SystemConfiguration.framework in Frameworks */,
				000AED6518AEBD17009B1D93 /* CoreBluetooth.framework in Frameworks */,
				000AED6618AEBD17009B1D93 /* CoreLocation.framework in Frameworks */,
				000AED3118AE9C1E009B1D93 /* CoreGraphics.framework in Frameworks */,
				000AED3318AE9C1E009B1D93 /* UIKit.framework in Frameworks */,
				000AED2F18AE9C1E009B1D93 /* Foundation.framework in Frameworks */,
				0010771B18BEB60A00FB8E5A /* libFlurry_4.3.2.a in Frameworks */,
			);
			runOnlyForDeploymentPostprocessing = 0;
		};
		000AED4918AE9C1E009B1D93 /* Frameworks */ = {
			isa = PBXFrameworksBuildPhase;
			buildActionMask = 2147483647;
			files = (
				000AED5018AE9C1E009B1D93 /* UIKit.framework in Frameworks */,
				000AED4F18AE9C1E009B1D93 /* Foundation.framework in Frameworks */,
			);
			runOnlyForDeploymentPostprocessing = 0;
		};
/* End PBXFrameworksBuildPhase section */

/* Begin PBXGroup section */
		000AED2218AE9C1E009B1D93 = {
			isa = PBXGroup;
			children = (
				000AED3418AE9C1E009B1D93 /* Beaconator */,
				000AED2D18AE9C1E009B1D93 /* Frameworks */,
				000AED2C18AE9C1E009B1D93 /* Products */,
			);
			sourceTree = "<group>";
		};
		000AED2C18AE9C1E009B1D93 /* Products */ = {
			isa = PBXGroup;
			children = (
				000AED2B18AE9C1E009B1D93 /* Beaconator.app */,
				000AED4C18AE9C1E009B1D93 /* BeaconatorTests.xctest */,
			);
			name = Products;
			sourceTree = "<group>";
		};
		000AED2D18AE9C1E009B1D93 /* Frameworks */ = {
			isa = PBXGroup;
			children = (
				0010771E18BEB6C200FB8E5A /* Security.framework */,
				0010771C18BEB6BE00FB8E5A /* SystemConfiguration.framework */,
				000AED6318AEBD17009B1D93 /* CoreBluetooth.framework */,
				000AED6418AEBD17009B1D93 /* CoreLocation.framework */,
				000AED2E18AE9C1E009B1D93 /* Foundation.framework */,
				000AED3018AE9C1E009B1D93 /* CoreGraphics.framework */,
				000AED3218AE9C1E009B1D93 /* UIKit.framework */,
			);
			name = Frameworks;
			sourceTree = "<group>";
		};
		000AED3418AE9C1E009B1D93 /* Beaconator */ = {
			isa = PBXGroup;
			children = (
				000AED3D18AE9C1E009B1D93 /* BNAppDelegate.h */,
				000AED3E18AE9C1E009B1D93 /* BNAppDelegate.m */,
				000AED4018AE9C1E009B1D93 /* Main.storyboard */,
				000AED4318AE9C1E009B1D93 /* BNViewController.h */,
				000AED4418AE9C1E009B1D93 /* BNViewController.m */,
				000AED4618AE9C1E009B1D93 /* Images.xcassets */,
				0010771818BEB60A00FB8E5A /* Libraries */,
				000AED3518AE9C1E009B1D93 /* Supporting Files */,
			);
			path = Beaconator;
			sourceTree = "<group>";
		};
		000AED3518AE9C1E009B1D93 /* Supporting Files */ = {
			isa = PBXGroup;
			children = (
				000AED3618AE9C1E009B1D93 /* Beaconator-Info.plist */,
				000AED3718AE9C1E009B1D93 /* InfoPlist.strings */,
				000AED3A18AE9C1E009B1D93 /* main.m */,
				000AED3C18AE9C1E009B1D93 /* Beaconator-Prefix.pch */,
			);
			name = "Supporting Files";
			sourceTree = "<group>";
		};
		0010771818BEB60A00FB8E5A /* Libraries */ = {
			isa = PBXGroup;
			children = (
				0010771918BEB60A00FB8E5A /* Flurry.h */,
				0010771A18BEB60A00FB8E5A /* libFlurry_4.3.2.a */,
			);
			path = Libraries;
			sourceTree = SOURCE_ROOT;
		};
/* End PBXGroup section */

/* Begin PBXNativeTarget section */
		000AED2A18AE9C1E009B1D93 /* Beaconator */ = {
			isa = PBXNativeTarget;
			buildConfigurationList = 000AED5D18AE9C1E009B1D93 /* Build configuration list for PBXNativeTarget "Beaconator" */;
			buildPhases = (
				000AED2718AE9C1E009B1D93 /* Sources */,
				000AED2818AE9C1E009B1D93 /* Frameworks */,
				000AED2918AE9C1E009B1D93 /* Resources */,
			);
			buildRules = (
			);
			dependencies = (
			);
			name = Beaconator;
			productName = Beaconator;
			productReference = 000AED2B18AE9C1E009B1D93 /* Beaconator.app */;
			productType = "com.apple.product-type.application";
		};
		000AED4B18AE9C1E009B1D93 /* BeaconatorTests */ = {
			isa = PBXNativeTarget;
			buildConfigurationList = 000AED6018AE9C1E009B1D93 /* Build configuration list for PBXNativeTarget "BeaconatorTests" */;
			buildPhases = (
				000AED4818AE9C1E009B1D93 /* Sources */,
				000AED4918AE9C1E009B1D93 /* Frameworks */,
				000AED4A18AE9C1E009B1D93 /* Resources */,
			);
			buildRules = (
			);
			dependencies = (
				000AED5218AE9C1E009B1D93 /* PBXTargetDependency */,
			);
			name = BeaconatorTests;
			productName = BeaconatorTests;
			productReference = 000AED4C18AE9C1E009B1D93 /* BeaconatorTests.xctest */;
			productType = "com.apple.product-type.bundle.unit-test";
		};
/* End PBXNativeTarget section */

/* Begin PBXProject section */
		000AED2318AE9C1E009B1D93 /* Project object */ = {
			isa = PBXProject;
			attributes = {
				CLASSPREFIX = BN;
				LastUpgradeCheck = 0500;
				ORGANIZATIONNAME = Pushplay.net;
				TargetAttributes = {
					000AED2A18AE9C1E009B1D93 = {
						DevelopmentTeam = T4VXPLC8GZ;
					};
					000AED4B18AE9C1E009B1D93 = {
						TestTargetID = 000AED2A18AE9C1E009B1D93;
					};
				};
			};
			buildConfigurationList = 000AED2618AE9C1E009B1D93 /* Build configuration list for PBXProject "Beaconator" */;
			compatibilityVersion = "Xcode 3.2";
			developmentRegion = English;
			hasScannedForEncodings = 0;
			knownRegions = (
				en,
				Base,
			);
			mainGroup = 000AED2218AE9C1E009B1D93;
			productRefGroup = 000AED2C18AE9C1E009B1D93 /* Products */;
			projectDirPath = "";
			projectRoot = "";
			targets = (
				000AED2A18AE9C1E009B1D93 /* Beaconator */,
				000AED4B18AE9C1E009B1D93 /* BeaconatorTests */,
			);
		};
/* End PBXProject section */

/* Begin PBXResourcesBuildPhase section */
		000AED2918AE9C1E009B1D93 /* Resources */ = {
			isa = PBXResourcesBuildPhase;
			buildActionMask = 2147483647;
			files = (
				000AED4718AE9C1E009B1D93 /* Images.xcassets in Resources */,
				000AED3918AE9C1E009B1D93 /* InfoPlist.strings in Resources */,
				000AED4218AE9C1E009B1D93 /* Main.storyboard in Resources */,
			);
			runOnlyForDeploymentPostprocessing = 0;
		};
		000AED4A18AE9C1E009B1D93 /* Resources */ = {
			isa = PBXResourcesBuildPhase;
			buildActionMask = 2147483647;
			files = (
			);
			runOnlyForDeploymentPostprocessing = 0;
		};
/* End PBXResourcesBuildPhase section */

/* Begin PBXSourcesBuildPhase section */
		000AED2718AE9C1E009B1D93 /* Sources */ = {
			isa = PBXSourcesBuildPhase;
			buildActionMask = 2147483647;
			files = (
				000AED4518AE9C1E009B1D93 /* BNViewController.m in Sources */,
				000AED3F18AE9C1E009B1D93 /* BNAppDelegate.m in Sources */,
				000AED3B18AE9C1E009B1D93 /* main.m in Sources */,
			);
			runOnlyForDeploymentPostprocessing = 0;
		};
		000AED4818AE9C1E009B1D93 /* Sources */ = {
			isa = PBXSourcesBuildPhase;
			buildActionMask = 2147483647;
			files = (
			);
			runOnlyForDeploymentPostprocessing = 0;
		};
/* End PBXSourcesBuildPhase section */

/* Begin PBXTargetDependency section */
		000AED5218AE9C1E009B1D93 /* PBXTargetDependency */ = {
			isa = PBXTargetDependency;
			target = 000AED2A18AE9C1E009B1D93 /* Beaconator */;
			targetProxy = 000AED5118AE9C1E009B1D93 /* PBXContainerItemProxy */;
		};
/* End PBXTargetDependency section */

/* Begin PBXVariantGroup section */
		000AED3718AE9C1E009B1D93 /* InfoPlist.strings */ = {
			isa = PBXVariantGroup;
			children = (
				000AED3818AE9C1E009B1D93 /* en */,
			);
			name = InfoPlist.strings;
			sourceTree = "<group>";
		};
		000AED4018AE9C1E009B1D93 /* Main.storyboard */ = {
			isa = PBXVariantGroup;
			children = (
				000AED4118AE9C1E009B1D93 /* Base */,
			);
			name = Main.storyboard;
			sourceTree = "<group>";
		};
/* End PBXVariantGroup section */

/* Begin XCBuildConfiguration section */
		000AED5B18AE9C1E009B1D93 /* Debug */ = {
			isa = XCBuildConfiguration;
			buildSettings = {
				ALWAYS_SEARCH_USER_PATHS = NO;
				ARCHS = "$(ARCHS_STANDARD_INCLUDING_64_BIT)";
				CLANG_CXX_LANGUAGE_STANDARD = "gnu++0x";
				CLANG_CXX_LIBRARY = "libc++";
				CLANG_ENABLE_MODULES = YES;
				CLANG_ENABLE_OBJC_ARC = YES;
				CLANG_WARN_BOOL_CONVERSION = YES;
				CLANG_WARN_CONSTANT_CONVERSION = YES;
				CLANG_WARN_DIRECT_OBJC_ISA_USAGE = YES_ERROR;
				CLANG_WARN_EMPTY_BODY = YES;
				CLANG_WARN_ENUM_CONVERSION = YES;
				CLANG_WARN_INT_CONVERSION = YES;
				CLANG_WARN_OBJC_ROOT_CLASS = YES_ERROR;
				CLANG_WARN__DUPLICATE_METHOD_MATCH = YES;
				"CODE_SIGN_IDENTITY[sdk=iphoneos*]" = "iPhone Developer";
				COPY_PHASE_STRIP = NO;
				GCC_C_LANGUAGE_STANDARD = gnu99;
				GCC_DYNAMIC_NO_PIC = NO;
				GCC_OPTIMIZATION_LEVEL = 0;
				GCC_PREPROCESSOR_DEFINITIONS = (
					"DEBUG=1",
					"$(inherited)",
				);
				GCC_SYMBOLS_PRIVATE_EXTERN = NO;
				GCC_WARN_64_TO_32_BIT_CONVERSION = YES;
				GCC_WARN_ABOUT_RETURN_TYPE = YES_ERROR;
				GCC_WARN_UNDECLARED_SELECTOR = YES;
				GCC_WARN_UNINITIALIZED_AUTOS = YES;
				GCC_WARN_UNUSED_FUNCTION = YES;
				GCC_WARN_UNUSED_VARIABLE = YES;
				IPHONEOS_DEPLOYMENT_TARGET = 7.0;
				ONLY_ACTIVE_ARCH = YES;
				SDKROOT = iphoneos;
			};
			name = Debug;
		};
		000AED5C18AE9C1E009B1D93 /* Release */ = {
			isa = XCBuildConfiguration;
			buildSettings = {
				ALWAYS_SEARCH_USER_PATHS = NO;
				ARCHS = "$(ARCHS_STANDARD_INCLUDING_64_BIT)";
				CLANG_CXX_LANGUAGE_STANDARD = "gnu++0x";
				CLANG_CXX_LIBRARY = "libc++";
				CLANG_ENABLE_MODULES = YES;
				CLANG_ENABLE_OBJC_ARC = YES;
				CLANG_WARN_BOOL_CONVERSION = YES;
				CLANG_WARN_CONSTANT_CONVERSION = YES;
				CLANG_WARN_DIRECT_OBJC_ISA_USAGE = YES_ERROR;
				CLANG_WARN_EMPTY_BODY = YES;
				CLANG_WARN_ENUM_CONVERSION = YES;
				CLANG_WARN_INT_CONVERSION = YES;
				CLANG_WARN_OBJC_ROOT_CLASS = YES_ERROR;
				CLANG_WARN__DUPLICATE_METHOD_MATCH = YES;
				"CODE_SIGN_IDENTITY[sdk=iphoneos*]" = "iPhone Developer";
				COPY_PHASE_STRIP = YES;
				ENABLE_NS_ASSERTIONS = NO;
				GCC_C_LANGUAGE_STANDARD = gnu99;
				GCC_WARN_64_TO_32_BIT_CONVERSION = YES;
				GCC_WARN_ABOUT_RETURN_TYPE = YES_ERROR;
				GCC_WARN_UNDECLARED_SELECTOR = YES;
				GCC_WARN_UNINITIALIZED_AUTOS = YES;
				GCC_WARN_UNUSED_FUNCTION = YES;
				GCC_WARN_UNUSED_VARIABLE = YES;
				IPHONEOS_DEPLOYMENT_TARGET = 7.0;
				SDKROOT = iphoneos;
				VALIDATE_PRODUCT = YES;
			};
			name = Release;
		};
		000AED5E18AE9C1E009B1D93 /* Debug */ = {
			isa = XCBuildConfiguration;
			buildSettings = {
				ASSETCATALOG_COMPILER_APPICON_NAME = AppIcon;
				ASSETCATALOG_COMPILER_LAUNCHIMAGE_NAME = LaunchImage;
				CODE_SIGN_IDENTITY = "iPhone Distribution";
				"CODE_SIGN_IDENTITY[sdk=iphoneos*]" = "iPhone Distribution";
				GCC_PRECOMPILE_PREFIX_HEADER = YES;
				GCC_PREFIX_HEADER = "Beaconator/Beaconator-Prefix.pch";
				INFOPLIST_FILE = "Beaconator/Beaconator-Info.plist";
				IPHONEOS_DEPLOYMENT_TARGET = 7.0;
				LIBRARY_SEARCH_PATHS = (
					"$(inherited)",
					/Users/jeffrey/Documents/_dev/Beaconator/Libraries,
				);
				PRODUCT_NAME = "$(TARGET_NAME)";
				PROVISIONING_PROFILE = "";
				TARGETED_DEVICE_FAMILY = 1;
				WRAPPER_EXTENSION = app;
			};
			name = Debug;
		};
		000AED5F18AE9C1E009B1D93 /* Release */ = {
			isa = XCBuildConfiguration;
			buildSettings = {
				ASSETCATALOG_COMPILER_APPICON_NAME = AppIcon;
				ASSETCATALOG_COMPILER_LAUNCHIMAGE_NAME = LaunchImage;
				CODE_SIGN_IDENTITY = "iPhone Distribution";
				"CODE_SIGN_IDENTITY[sdk=iphoneos*]" = "iPhone Distribution";
				GCC_PRECOMPILE_PREFIX_HEADER = YES;
				GCC_PREFIX_HEADER = "Beaconator/Beaconator-Prefix.pch";
				INFOPLIST_FILE = "Beaconator/Beaconator-Info.plist";
				IPHONEOS_DEPLOYMENT_TARGET = 7.0;
				LIBRARY_SEARCH_PATHS = (
					"$(inherited)",
					/Users/jeffrey/Documents/_dev/Beaconator/Libraries,
				);
				PRODUCT_NAME = "$(TARGET_NAME)";
				PROVISIONING_PROFILE = "";
				TARGETED_DEVICE_FAMILY = 1;
				WRAPPER_EXTENSION = app;
			};
			name = Release;
		};
		000AED6118AE9C1E009B1D93 /* Debug */ = {
			isa = XCBuildConfiguration;
			buildSettings = {
				ARCHS = "$(ARCHS_STANDARD_INCLUDING_64_BIT)";
				BUNDLE_LOADER = "$(BUILT_PRODUCTS_DIR)/Beaconator.app/Beaconator";
				FRAMEWORK_SEARCH_PATHS = (
					"$(SDKROOT)/Developer/Library/Frameworks",
					"$(inherited)",
					"$(DEVELOPER_FRAMEWORKS_DIR)",
				);
				GCC_PRECOMPILE_PREFIX_HEADER = YES;
				GCC_PREFIX_HEADER = "Beaconator/Beaconator-Prefix.pch";
				GCC_PREPROCESSOR_DEFINITIONS = (
					"DEBUG=1",
					"$(inherited)",
				);
				INFOPLIST_FILE = "BeaconatorTests/BeaconatorTests-Info.plist";
				PRODUCT_NAME = "$(TARGET_NAME)";
				TEST_HOST = "$(BUNDLE_LOADER)";
				WRAPPER_EXTENSION = xctest;
			};
			name = Debug;
		};
		000AED6218AE9C1E009B1D93 /* Release */ = {
			isa = XCBuildConfiguration;
			buildSettings = {
				ARCHS = "$(ARCHS_STANDARD_INCLUDING_64_BIT)";
				BUNDLE_LOADER = "$(BUILT_PRODUCTS_DIR)/Beaconator.app/Beaconator";
				FRAMEWORK_SEARCH_PATHS = (
					"$(SDKROOT)/Developer/Library/Frameworks",
					"$(inherited)",
					"$(DEVELOPER_FRAMEWORKS_DIR)",
				);
				GCC_PRECOMPILE_PREFIX_HEADER = YES;
				GCC_PREFIX_HEADER = "Beaconator/Beaconator-Prefix.pch";
				INFOPLIST_FILE = "BeaconatorTests/BeaconatorTests-Info.plist";
				PRODUCT_NAME = "$(TARGET_NAME)";
				TEST_HOST = "$(BUNDLE_LOADER)";
				WRAPPER_EXTENSION = xctest;
			};
			name = Release;
		};
/* End XCBuildConfiguration section */

/* Begin XCConfigurationList section */
		000AED2618AE9C1E009B1D93 /* Build configuration list for PBXProject "Beaconator" */ = {
			isa = XCConfigurationList;
			buildConfigurations = (
				000AED5B18AE9C1E009B1D93 /* Debug */,
				000AED5C18AE9C1E009B1D93 /* Release */,
			);
			defaultConfigurationIsVisible = 0;
			defaultConfigurationName = Release;
		};
		000AED5D18AE9C1E009B1D93 /* Build configuration list for PBXNativeTarget "Beaconator" */ = {
			isa = XCConfigurationList;
			buildConfigurations = (
				000AED5E18AE9C1E009B1D93 /* Debug */,
				000AED5F18AE9C1E009B1D93 /* Release */,
			);
			defaultConfigurationIsVisible = 0;
			defaultConfigurationName = Release;
		};
		000AED6018AE9C1E009B1D93 /* Build configuration list for PBXNativeTarget "BeaconatorTests" */ = {
			isa = XCConfigurationList;
			buildConfigurations = (
				000AED6118AE9C1E009B1D93 /* Debug */,
				000AED6218AE9C1E009B1D93 /* Release */,
			);
			defaultConfigurationIsVisible = 0;
			defaultConfigurationName = Release;
		};
/* End XCConfigurationList section */
	};
	rootObject = 000AED2318AE9C1E009B1D93 /* Project object */;
}
